# This file is autogenerated, do not edit; changes may be undone by the next 'dep ensure'.


[[projects]]
  digest = "1:9a11be778d5fcb8e4873e64a097dfd2862d8665d9e2d969b90810d5272e51acb"
  name = "github.com/Azure/azure-sdk-for-go"
  packages = ["storage"]
  pruneopts = ""
  revision = "2d49bb8f2cee530cc16f1f1a9f0aae763dee257d"
  version = "v10.2.1-beta"

[[projects]]
  digest = "1:aaea6a1b7b7c6f882df0724251ed311790d567f8940f8a3e4a648c1eddc37c8a"
  name = "github.com/Azure/go-autorest"
  packages = [
    "autorest",
    "autorest/adal",
    "autorest/azure",
    "autorest/date",
  ]
  pruneopts = ""
  revision = "f6e08fe5e4d45c9a66e40196d3fed5f37331d224"
  version = "v8.1.1"

[[projects]]
  branch = "master"
  digest = "1:c0845301752e45abfc6aa05581eb5121dc5a17310e5e6adb1ad7ef6ee63d5334"
  name = "github.com/cppforlife/go-semi-semantic"
  packages = ["version"]
  pruneopts = ""
  revision = "576b6af77ae4f3ccef356902fb3b9a9ae22e0b11"

[[projects]]
  digest = "1:bb522d6790c531be0b6631f1110e47623d3307672d66749054fa31ddd8878a7d"
  name = "github.com/dgrijalva/jwt-go"
  packages = ["."]
  pruneopts = ""
  revision = "d2709f9f1f31ebcda9651b03077758c1f3a0018c"
  version = "v3.0.0"

[[projects]]
  digest = "1:92b1f6f797086de774bf45ea8144aff01bdd5918e592a6da3e49f566e2de123f"
  name = "github.com/h2non/filetype"
  packages = [
    ".",
    "matchers",
    "matchers/isobmff",
    "types",
  ]
  pruneopts = ""
  revision = "2248f2e2f77cd8cf9694216e3f9589d71005de37"
  version = "v1.0.8"

[[projects]]
  digest = "1:32b27072cd55bd2fb7244de0425943d125da6a552ae2b6517cdd965a662baf18"
  name = "github.com/onsi/ginkgo"
  packages = [
    ".",
    "config",
    "extensions/table",
    "internal/codelocation",
    "internal/containernode",
    "internal/failer",
    "internal/leafnodes",
    "internal/remote",
    "internal/spec",
    "internal/spec_iterator",
    "internal/specrunner",
    "internal/suite",
    "internal/testingtproxy",
    "internal/writer",
    "reporters",
    "reporters/stenographer",
    "reporters/stenographer/support/go-colorable",
    "reporters/stenographer/support/go-isatty",
    "types",
  ]
  pruneopts = ""
  revision = "9eda700730cba42af70d53180f9dcce9266bc2bc"
  version = "v1.4.0"

[[projects]]
  digest = "1:a4e59d0b2821c983b58c317f141cd77df20570979632da8a7a352e5d12698de7"
  name = "github.com/onsi/gomega"
  packages = [
    ".",
    "format",
    "gbytes",
    "gexec",
    "internal/assertion",
    "internal/asyncassertion",
    "internal/oraclematcher",
    "internal/testingtsupport",
    "matchers",
    "matchers/support/goraph/bipartitegraph",
    "matchers/support/goraph/edge",
    "matchers/support/goraph/node",
    "matchers/support/goraph/util",
    "types",
  ]
  pruneopts = ""
  revision = "c893efa28eb45626cdaa76c9f653b62488858837"
  version = "v1.2.0"

[[projects]]
  digest = "1:6b55df4b0517a459af9d3879c99330af4367adcf45f3d0d37ded80a6272ae057"
  name = "github.com/satori/uuid"
  packages = ["."]
  pruneopts = ""
  revision = "879c5887cd475cd7864858769793b2ceb0d44feb"
  version = "v1.1.0"

[[projects]]
  branch = "master"
  digest = "1:35171304d8332a0cfac5f3bd9222467f036732ddde75c65278b16f65216e03ed"
  name = "golang.org/x/net"
  packages = [
    "html",
    "html/atom",
    "html/charset",
  ]
  pruneopts = ""
  revision = "1c05540f6879653db88113bc4a2b70aec4bd491f"

[[projects]]
  branch = "master"
  digest = "1:590053260f0642c48e3699048188a940ecfb4eb7ef3620ffaa836538e04029be"
  name = "golang.org/x/sys"
  packages = ["unix"]
  pruneopts = ""
  revision = "e42485b6e20ae7d2304ec72e535b103ed350cc02"

[[projects]]
  branch = "master"
  digest = "1:45c83129a8aea446f3859b6761c1fa359355e0195ed91b0c2c3faa8d587f84f8"
  name = "golang.org/x/text"
  packages = [
    "encoding",
    "encoding/charmap",
    "encoding/htmlindex",
    "encoding/internal",
    "encoding/internal/identifier",
    "encoding/japanese",
    "encoding/korean",
    "encoding/simplifiedchinese",
    "encoding/traditionalchinese",
    "encoding/unicode",
    "internal/gen",
    "internal/tag",
    "internal/utf8internal",
    "language",
    "runes",
    "transform",
    "unicode/cldr",
  ]
  pruneopts = ""
  revision = "3bd178b88a8180be2df394a1fbb81313916f0e7b"

[[projects]]
  branch = "v2"
  digest = "1:f776026dedad7a9fef3c65180084620ca3684a87a177f5da8837755a1f8fa4fd"
  name = "gopkg.in/yaml.v2"
  packages = ["."]
  pruneopts = ""
  revision = "25c4ec802a7d637f88d584ab26798e94ad14c13b"

[solve-meta]
  analyzer-name = "dep"
  analyzer-version = 1
  input-imports = [
    "github.com/Azure/azure-sdk-for-go/storage",
    "github.com/cppforlife/go-semi-semantic/version",
    "github.com/h2non/filetype",
    "github.com/onsi/ginkgo",
    "github.com/onsi/ginkgo/extensions/table",
    "github.com/onsi/gomega",
    "github.com/onsi/gomega/gexec",
  ]
  solver-name = "gps-cdcl"
  solver-version = 1
